
Microsoft Visual Studio Solution File, Format Version 12.00
# Visual Studio 14
VisualStudioVersion = 14.0.23107.0
MinimumVisualStudioVersion = 10.0.40219.1
Project("{FAE04EC0-301F-11D3-BF4B-00C04F79EFBC}") = "Total Eclipse Auto-Index Wizard", "Total Eclipse Auto-Index Wizard\Total Eclipse Auto-Index Wizard.csproj", "{6AAE079D-A835-45D9-A704-1E80394B0762}"
EndProject
Project("{2150E333-8FDC-42A3-9474-1A3956D46DE8}") = "Solution Items", "Solution Items", "{8A36B652-BD0C-4E80-9532-8A9F63CE60E6}"
EndProject
Global
	GlobalSection(SolutionConfigurationPlatforms) = preSolution
		Debug|Any CPU = Debug|Any CPU
		Release|Any CPU = Release|Any CPU
	EndGlobalSection
	GlobalSection(ProjectConfigurationPlatforms) = postSolution
		{6AAE079D-A835-45D9-A704-1E80394B0762}.Debug|Any CPU.ActiveCfg = Debug|Any CPU
		{6AAE079D-A835-45D9-A704-1E80394B0762}.Debug|Any CPU.Build.0 = Debug|Any CPU
		{6AAE079D-A835-45D9-A704-1E80394B0762}.Release|Any CPU.ActiveCfg = Release|Any CPU
		{6AAE079D-A835-45D9-A704-1E80394B0762}.Release|Any CPU.Build.0 = Release|Any CPU
	EndGlobalSection
	GlobalSection(SolutionProperties) = preSolution
		HideSolutionNode = FALSE
	EndGlobalSection
EndGlobal
